
Microsoft Visual Studio Solution File, Format Version 12.00
# Visual Studio 15
VisualStudioVersion = 15.0.27130.2024
MinimumVisualStudioVersion = 10.0.40219.1
Project("{FAE04EC0-301F-11D3-BF4B-00C04F79EFBC}") = "Programming_Concepts", "Programming_Concepts\Programming_Concepts.csproj", "{9D1D96F3-0050-40E5-B4F9-244032222062}"
EndProject
Project("{FAE04EC0-301F-11D3-BF4B-00C04F79EFBC}") = "AsyncDelegateDemo", "AsyncDelegateDemo\AsyncDelegateDemo.csproj", "{B15C098D-05A5-4006-9546-5C59A5998944}"
EndProject
Project("{FAE04EC0-301F-11D3-BF4B-00C04F79EFBC}") = "Networking", "Networking\Networking.csproj", "{DD627379-9B02-4374-A36E-0A99AE11DA1F}"
EndProject
Project("{FAE04EC0-301F-11D3-BF4B-00C04F79EFBC}") = "Databases", "Databases\Databases.csproj", "{25D17DE4-0D7F-4B63-A27B-219F82A3904A}"
EndProject
Project("{FAE04EC0-301F-11D3-BF4B-00C04F79EFBC}") = "ClassicWindowsForms", "ClassicWindowsForms\ClassicWindowsForms.csproj", "{084EB0FC-49E7-46B9-BA04-6F2D1E5FA869}"
EndProject
Project("{FAE04EC0-301F-11D3-BF4B-00C04F79EFBC}") = "Threads", "Multithreading\Threads.csproj", "{44849923-4820-4099-BE84-161E36DDD84B}"
EndProject
Project("{FAE04EC0-301F-11D3-BF4B-00C04F79EFBC}") = "ThreadPools", "ThreadPool\ThreadPools.csproj", "{6F014634-7957-4710-A730-430B3460D596}"
EndProject
Project("{FAE04EC0-301F-11D3-BF4B-00C04F79EFBC}") = "TaskDemo", "TaskDemo\TaskDemo.csproj", "{B9F4BA0B-A62B-4723-8133-2C1F5A62CBEA}"
EndProject
Project("{FAE04EC0-301F-11D3-BF4B-00C04F79EFBC}") = "TPLDemo", "TPLDemo\TPLDemo.csproj", "{C2F2C832-9513-4234-B9A6-C518BAA93A16}"
EndProject
Project("{FAE04EC0-301F-11D3-BF4B-00C04F79EFBC}") = "AsyncAwaitSyntax", "AsyncAwaitSyntax\AsyncAwaitSyntax.csproj", "{55AFA5C5-65BB-410A-8E55-4FA7975AD7F7}"
EndProject
Project("{FAE04EC0-301F-11D3-BF4B-00C04F79EFBC}") = "ConcurrentQueue", "ConcurrentQueue\ConcurrentQueue.csproj", "{5D1C3035-7E24-474B-A02F-86250155D4F6}"
EndProject
Project("{FAE04EC0-301F-11D3-BF4B-00C04F79EFBC}") = "ConcurrentDictionaryDemo", "ConcurrentDictionaryDemo\ConcurrentDictionaryDemo.csproj", "{F6F5603D-7BC3-44C9-AD96-8FEE6866C133}"
EndProject
Project("{FAE04EC0-301F-11D3-BF4B-00C04F79EFBC}") = "ProducerConsumerExample", "ProducerConsumerExample\ProducerConsumerExample.csproj", "{A8345CA3-DE56-4693-8D01-EC7D1B844E31}"
EndProject
Global
	GlobalSection(SolutionConfigurationPlatforms) = preSolution
		Debug|Any CPU = Debug|Any CPU
		Release|Any CPU = Release|Any CPU
	EndGlobalSection
	GlobalSection(ProjectConfigurationPlatforms) = postSolution
		{9D1D96F3-0050-40E5-B4F9-244032222062}.Debug|Any CPU.ActiveCfg = Debug|Any CPU
		{9D1D96F3-0050-40E5-B4F9-244032222062}.Debug|Any CPU.Build.0 = Debug|Any CPU
		{9D1D96F3-0050-40E5-B4F9-244032222062}.Release|Any CPU.ActiveCfg = Release|Any CPU
		{9D1D96F3-0050-40E5-B4F9-244032222062}.Release|Any CPU.Build.0 = Release|Any CPU
		{B15C098D-05A5-4006-9546-5C59A5998944}.Debug|Any CPU.ActiveCfg = Debug|Any CPU
		{B15C098D-05A5-4006-9546-5C59A5998944}.Debug|Any CPU.Build.0 = Debug|Any CPU
		{B15C098D-05A5-4006-9546-5C59A5998944}.Release|Any CPU.ActiveCfg = Release|Any CPU
		{B15C098D-05A5-4006-9546-5C59A5998944}.Release|Any CPU.Build.0 = Release|Any CPU
		{DD627379-9B02-4374-A36E-0A99AE11DA1F}.Debug|Any CPU.ActiveCfg = Debug|Any CPU
		{DD627379-9B02-4374-A36E-0A99AE11DA1F}.Debug|Any CPU.Build.0 = Debug|Any CPU
		{DD627379-9B02-4374-A36E-0A99AE11DA1F}.Release|Any CPU.ActiveCfg = Release|Any CPU
		{DD627379-9B02-4374-A36E-0A99AE11DA1F}.Release|Any CPU.Build.0 = Release|Any CPU
		{25D17DE4-0D7F-4B63-A27B-219F82A3904A}.Debug|Any CPU.ActiveCfg = Debug|Any CPU
		{25D17DE4-0D7F-4B63-A27B-219F82A3904A}.Debug|Any CPU.Build.0 = Debug|Any CPU
		{25D17DE4-0D7F-4B63-A27B-219F82A3904A}.Release|Any CPU.ActiveCfg = Release|Any CPU
		{25D17DE4-0D7F-4B63-A27B-219F82A3904A}.Release|Any CPU.Build.0 = Release|Any CPU
		{084EB0FC-49E7-46B9-BA04-6F2D1E5FA869}.Debug|Any CPU.ActiveCfg = Debug|Any CPU
		{084EB0FC-49E7-46B9-BA04-6F2D1E5FA869}.Debug|Any CPU.Build.0 = Debug|Any CPU
		{084EB0FC-49E7-46B9-BA04-6F2D1E5FA869}.Release|Any CPU.ActiveCfg = Release|Any CPU
		{084EB0FC-49E7-46B9-BA04-6F2D1E5FA869}.Release|Any CPU.Build.0 = Release|Any CPU
		{44849923-4820-4099-BE84-161E36DDD84B}.Debug|Any CPU.ActiveCfg = Debug|Any CPU
		{44849923-4820-4099-BE84-161E36DDD84B}.Debug|Any CPU.Build.0 = Debug|Any CPU
		{44849923-4820-4099-BE84-161E36DDD84B}.Release|Any CPU.ActiveCfg = Release|Any CPU
		{44849923-4820-4099-BE84-161E36DDD84B}.Release|Any CPU.Build.0 = Release|Any CPU
		{6F014634-7957-4710-A730-430B3460D596}.Debug|Any CPU.ActiveCfg = Debug|Any CPU
		{6F014634-7957-4710-A730-430B3460D596}.Debug|Any CPU.Build.0 = Debug|Any CPU
		{6F014634-7957-4710-A730-430B3460D596}.Release|Any CPU.ActiveCfg = Release|Any CPU
		{6F014634-7957-4710-A730-430B3460D596}.Release|Any CPU.Build.0 = Release|Any CPU
		{B9F4BA0B-A62B-4723-8133-2C1F5A62CBEA}.Debug|Any CPU.ActiveCfg = Debug|Any CPU
		{B9F4BA0B-A62B-4723-8133-2C1F5A62CBEA}.Debug|Any CPU.Build.0 = Debug|Any CPU
		{B9F4BA0B-A62B-4723-8133-2C1F5A62CBEA}.Release|Any CPU.ActiveCfg = Release|Any CPU
		{B9F4BA0B-A62B-4723-8133-2C1F5A62CBEA}.Release|Any CPU.Build.0 = Release|Any CPU
		{C2F2C832-9513-4234-B9A6-C518BAA93A16}.Debug|Any CPU.ActiveCfg = Debug|Any CPU
		{C2F2C832-9513-4234-B9A6-C518BAA93A16}.Debug|Any CPU.Build.0 = Debug|Any CPU
		{C2F2C832-9513-4234-B9A6-C518BAA93A16}.Release|Any CPU.ActiveCfg = Release|Any CPU
		{C2F2C832-9513-4234-B9A6-C518BAA93A16}.Release|Any CPU.Build.0 = Release|Any CPU
		{55AFA5C5-65BB-410A-8E55-4FA7975AD7F7}.Debug|Any CPU.ActiveCfg = Debug|Any CPU
		{55AFA5C5-65BB-410A-8E55-4FA7975AD7F7}.Debug|Any CPU.Build.0 = Debug|Any CPU
		{55AFA5C5-65BB-410A-8E55-4FA7975AD7F7}.Release|Any CPU.ActiveCfg = Release|Any CPU
		{55AFA5C5-65BB-410A-8E55-4FA7975AD7F7}.Release|Any CPU.Build.0 = Release|Any CPU
		{5D1C3035-7E24-474B-A02F-86250155D4F6}.Debug|Any CPU.ActiveCfg = Debug|Any CPU
		{5D1C3035-7E24-474B-A02F-86250155D4F6}.Debug|Any CPU.Build.0 = Debug|Any CPU
		{5D1C3035-7E24-474B-A02F-86250155D4F6}.Release|Any CPU.ActiveCfg = Release|Any CPU
		{5D1C3035-7E24-474B-A02F-86250155D4F6}.Release|Any CPU.Build.0 = Release|Any CPU
		{F6F5603D-7BC3-44C9-AD96-8FEE6866C133}.Debug|Any CPU.ActiveCfg = Debug|Any CPU
		{F6F5603D-7BC3-44C9-AD96-8FEE6866C133}.Debug|Any CPU.Build.0 = Debug|Any CPU
		{F6F5603D-7BC3-44C9-AD96-8FEE6866C133}.Release|Any CPU.ActiveCfg = Release|Any CPU
		{F6F5603D-7BC3-44C9-AD96-8FEE6866C133}.Release|Any CPU.Build.0 = Release|Any CPU
		{A8345CA3-DE56-4693-8D01-EC7D1B844E31}.Debug|Any CPU.ActiveCfg = Debug|Any CPU
		{A8345CA3-DE56-4693-8D01-EC7D1B844E31}.Debug|Any CPU.Build.0 = Debug|Any CPU
		{A8345CA3-DE56-4693-8D01-EC7D1B844E31}.Release|Any CPU.ActiveCfg = Release|Any CPU
		{A8345CA3-DE56-4693-8D01-EC7D1B844E31}.Release|Any CPU.Build.0 = Release|Any CPU
	EndGlobalSection
	GlobalSection(SolutionProperties) = preSolution
		HideSolutionNode = FALSE
	EndGlobalSection
	GlobalSection(ExtensibilityGlobals) = postSolution
		SolutionGuid = {0088E45E-B166-4145-97D0-5C21DD5F5C9C}
	EndGlobalSection
EndGlobal
