
Microsoft Visual Studio Solution File, Format Version 12.00
# Visual Studio 15
VisualStudioVersion = 15.0.27703.2047
MinimumVisualStudioVersion = 10.0.40219.1
Project("{FAE04EC0-301F-11D3-BF4B-00C04F79EFBC}") = "Programming_Concepts", "Programming_Concepts\Programming_Concepts.csproj", "{9D1D96F3-0050-40E5-B4F9-244032222062}"
EndProject
Project("{FAE04EC0-301F-11D3-BF4B-00C04F79EFBC}") = "AsyncDelegateDemo", "AsyncDelegateDemo\AsyncDelegateDemo.csproj", "{B15C098D-05A5-4006-9546-5C59A5998944}"
EndProject
Global
	GlobalSection(SolutionConfigurationPlatforms) = preSolution
		Debug|Any CPU = Debug|Any CPU
		Release|Any CPU = Release|Any CPU
	EndGlobalSection
	GlobalSection(ProjectConfigurationPlatforms) = postSolution
		{9D1D96F3-0050-40E5-B4F9-244032222062}.Debug|Any CPU.ActiveCfg = Debug|Any CPU
		{9D1D96F3-0050-40E5-B4F9-244032222062}.Debug|Any CPU.Build.0 = Debug|Any CPU
		{9D1D96F3-0050-40E5-B4F9-244032222062}.Release|Any CPU.ActiveCfg = Release|Any CPU
		{9D1D96F3-0050-40E5-B4F9-244032222062}.Release|Any CPU.Build.0 = Release|Any CPU
		{B15C098D-05A5-4006-9546-5C59A5998944}.Debug|Any CPU.ActiveCfg = Debug|Any CPU
		{B15C098D-05A5-4006-9546-5C59A5998944}.Debug|Any CPU.Build.0 = Debug|Any CPU
		{B15C098D-05A5-4006-9546-5C59A5998944}.Release|Any CPU.ActiveCfg = Release|Any CPU
		{B15C098D-05A5-4006-9546-5C59A5998944}.Release|Any CPU.Build.0 = Release|Any CPU
	EndGlobalSection
	GlobalSection(SolutionProperties) = preSolution
		HideSolutionNode = FALSE
	EndGlobalSection
	GlobalSection(ExtensibilityGlobals) = postSolution
		SolutionGuid = {0088E45E-B166-4145-97D0-5C21DD5F5C9C}
	EndGlobalSection
EndGlobal
